
Microsoft Visual Studio Solution File, Format Version 12.00
# Visual Studio Version 16
VisualStudioVersion = 16.0.30804.86
MinimumVisualStudioVersion = 10.0.40219.1
Project("{FAE04EC0-301F-11D3-BF4B-00C04F79EFBC}") = "IsAdmin", "IsAdmin\IsAdmin.csproj", "{1ED5D68B-C3C6-4263-9869-AFDBE5DD7CDE}"
EndProject
Global
	GlobalSection(SolutionConfigurationPlatforms) = preSolution
		Debug|Any CPU = Debug|Any CPU
		Release|Any CPU = Release|Any CPU
	EndGlobalSection
	GlobalSection(ProjectConfigurationPlatforms) = postSolution
		{1ED5D68B-C3C6-4263-9869-AFDBE5DD7CDE}.Debug|Any CPU.ActiveCfg = Debug|Any CPU
		{1ED5D68B-C3C6-4263-9869-AFDBE5DD7CDE}.Debug|Any CPU.Build.0 = Debug|Any CPU
		{1ED5D68B-C3C6-4263-9869-AFDBE5DD7CDE}.Release|Any CPU.ActiveCfg = Release|Any CPU
		{1ED5D68B-C3C6-4263-9869-AFDBE5DD7CDE}.Release|Any CPU.Build.0 = Release|Any CPU
	EndGlobalSection
	GlobalSection(SolutionProperties) = preSolution
		HideSolutionNode = FALSE
	EndGlobalSection
	GlobalSection(ExtensibilityGlobals) = postSolution
		SolutionGuid = {D0A15778-C38D-42C4-AE71-1B40D353C4BD}
	EndGlobalSection
EndGlobal
